
Microsoft Visual Studio Solution File, Format Version 12.00
# Visual Studio Version 17
VisualStudioVersion = 17.5.002.0
MinimumVisualStudioVersion = 10.0.40219.1
Project("{9A19103F-16F7-4668-BE54-9A1E7A4F7556}") = "back-end", "back-end\back-end.csproj", "{2D19AAA6-E4C9-4D48-A4A6-891000D851CC}"
EndProject
Global
	GlobalSection(SolutionConfigurationPlatforms) = preSolution
		Debug|Any CPU = Debug|Any CPU
		Release|Any CPU = Release|Any CPU
	EndGlobalSection
	GlobalSection(ProjectConfigurationPlatforms) = postSolution
		{2D19AAA6-E4C9-4D48-A4A6-891000D851CC}.Debug|Any CPU.ActiveCfg = Debug|Any CPU
		{2D19AAA6-E4C9-4D48-A4A6-891000D851CC}.Debug|Any CPU.Build.0 = Debug|Any CPU
		{2D19AAA6-E4C9-4D48-A4A6-891000D851CC}.Release|Any CPU.ActiveCfg = Release|Any CPU
		{2D19AAA6-E4C9-4D48-A4A6-891000D851CC}.Release|Any CPU.Build.0 = Release|Any CPU
	EndGlobalSection
	GlobalSection(SolutionProperties) = preSolution
		HideSolutionNode = FALSE
	EndGlobalSection
	GlobalSection(ExtensibilityGlobals) = postSolution
		SolutionGuid = {4E4040FA-A766-479E-B8FE-6CF9A7EB4775}
	EndGlobalSection
EndGlobal
